// !$*UTF8*$!
{
	archiveVersion = 1;
	classes = {
	};
	objectVersion = 46;
	objects = {

/* Begin PBXBuildFile section */
		9A5A738B19C4E4AF002377FA /* AppDelegate.swift in Sources */ = {isa = PBXBuildFile; fileRef = 9A5A738A19C4E4AF002377FA /* AppDelegate.swift */; };
		9A5A738D19C4E4AF002377FA /* ViewController.swift in Sources */ = {isa = PBXBuildFile; fileRef = 9A5A738C19C4E4AF002377FA /* ViewController.swift */; };
		9A5A739019C4E4AF002377FA /* Main.storyboard in Resources */ = {isa = PBXBuildFile; fileRef = 9A5A738E19C4E4AF002377FA /* Main.storyboard */; };
		9A5A739219C4E4AF002377FA /* Images.xcassets in Resources */ = {isa = PBXBuildFile; fileRef = 9A5A739119C4E4AF002377FA /* Images.xcassets */; };
		9A5A739519C4E4AF002377FA /* LaunchScreen.xib in Resources */ = {isa = PBXBuildFile; fileRef = 9A5A739319C4E4AF002377FA /* LaunchScreen.xib */; };
		9A5A73A119C4E4AF002377FA /* postcard_bitfountainTests.swift in Sources */ = {isa = PBXBuildFile; fileRef = 9A5A73A019C4E4AF002377FA /* postcard_bitfountainTests.swift */; };
		9AF87A3719C4E56700300A55 /* Gagarin_stamp_HR.gif in Resources */ = {isa = PBXBuildFile; fileRef = 9AF87A3519C4E56700300A55 /* Gagarin_stamp_HR.gif */; };
		9AF87A3819C4E56700300A55 /* meg_kait Christmas2010.jpg in Resources */ = {isa = PBXBuildFile; fileRef = 9AF87A3619C4E56700300A55 /* meg_kait Christmas2010.jpg */; };
/* End PBXBuildFile section */

/* Begin PBXContainerItemProxy section */
		9A5A739B19C4E4AF002377FA /* PBXContainerItemProxy */ = {
			isa = PBXContainerItemProxy;
			containerPortal = 9A5A737D19C4E4AF002377FA /* Project object */;
			proxyType = 1;
			remoteGlobalIDString = 9A5A738419C4E4AF002377FA;
			remoteInfo = "postcard bitfountain";
		};
/* End PBXContainerItemProxy section */

/* Begin PBXFileReference section */
		9A5A738519C4E4AF002377FA /* postcard bitfountain.app */ = {isa = PBXFileReference; explicitFileType = wrapper.application; includeInIndex = 0; path = "postcard bitfountain.app"; sourceTree = BUILT_PRODUCTS_DIR; };
		9A5A738919C4E4AF002377FA /* Info.plist */ = {isa = PBXFileReference; lastKnownFileType = text.plist.xml; path = Info.plist; sourceTree = "<group>"; };
		9A5A738A19C4E4AF002377FA /* AppDelegate.swift */ = {isa = PBXFileReference; lastKnownFileType = sourcecode.swift; path = AppDelegate.swift; sourceTree = "<group>"; };
		9A5A738C19C4E4AF002377FA /* ViewController.swift */ = {isa = PBXFileReference; lastKnownFileType = sourcecode.swift; path = ViewController.swift; sourceTree = "<group>"; };
		9A5A738F19C4E4AF002377FA /* Base */ = {isa = PBXFileReference; lastKnownFileType = file.storyboard; name = Base; path = Base.lproj/Main.storyboard; sourceTree = "<group>"; };
		9A5A739119C4E4AF002377FA /* Images.xcassets */ = {isa = PBXFileReference; lastKnownFileType = folder.assetcatalog; path = Images.xcassets; sourceTree = "<group>"; };
		9A5A739419C4E4AF002377FA /* Base */ = {isa = PBXFileReference; lastKnownFileType = file.xib; name = Base; path = Base.lproj/LaunchScreen.xib; sourceTree = "<group>"; };
		9A5A739A19C4E4AF002377FA /* postcard bitfountainTests.xctest */ = {isa = PBXFileReference; explicitFileType = wrapper.cfbundle; includeInIndex = 0; path = "postcard bitfountainTests.xctest"; sourceTree = BUILT_PRODUCTS_DIR; };
		9A5A739F19C4E4AF002377FA /* Info.plist */ = {isa = PBXFileReference; lastKnownFileType = text.plist.xml; path = Info.plist; sourceTree = "<group>"; };
		9A5A73A019C4E4AF002377FA /* postcard_bitfountainTests.swift */ = {isa = PBXFileReference; lastKnownFileType = sourcecode.swift; path = postcard_bitfountainTests.swift; sourceTree = "<group>"; };
		9AF87A3519C4E56700300A55 /* Gagarin_stamp_HR.gif */ = {isa = PBXFileReference; lastKnownFileType = image.gif; path = Gagarin_stamp_HR.gif; sourceTree = "<group>"; };
		9AF87A3619C4E56700300A55 /* meg_kait Christmas2010.jpg */ = {isa = PBXFileReference; lastKnownFileType = image.jpeg; path = "meg_kait Christmas2010.jpg"; sourceTree = "<group>"; };
/* End PBXFileReference section */

/* Begin PBXFrameworksBuildPhase section */
		9A5A738219C4E4AF002377FA /* Frameworks */ = {
			isa = PBXFrameworksBuildPhase;
			buildActionMask = 2147483647;
			files = (
			);
			runOnlyForDeploymentPostprocessing = 0;
		};
		9A5A739719C4E4AF002377FA /* Frameworks */ = {
			isa = PBXFrameworksBuildPhase;
			buildActionMask = 2147483647;
			files = (
			);
			runOnlyForDeploymentPostprocessing = 0;
		};
/* End PBXFrameworksBuildPhase section */

/* Begin PBXGroup section */
		9A5A737C19C4E4AF002377FA = {
			isa = PBXGroup;
			children = (
				9A5A738719C4E4AF002377FA /* postcard bitfountain */,
				9A5A739D19C4E4AF002377FA /* postcard bitfountainTests */,
				9A5A738619C4E4AF002377FA /* Products */,
			);
			sourceTree = "<group>";
		};
		9A5A738619C4E4AF002377FA /* Products */ = {
			isa = PBXGroup;
			children = (
				9A5A738519C4E4AF002377FA /* postcard bitfountain.app */,
				9A5A739A19C4E4AF002377FA /* postcard bitfountainTests.xctest */,
			);
			name = Products;
			sourceTree = "<group>";
		};
		9A5A738719C4E4AF002377FA /* postcard bitfountain */ = {
			isa = PBXGroup;
			children = (
				9A5A738A19C4E4AF002377FA /* AppDelegate.swift */,
				9A5A738C19C4E4AF002377FA /* ViewController.swift */,
				9A5A738E19C4E4AF002377FA /* Main.storyboard */,
				9A5A739119C4E4AF002377FA /* Images.xcassets */,
				9AF87A3519C4E56700300A55 /* Gagarin_stamp_HR.gif */,
				9AF87A3619C4E56700300A55 /* meg_kait Christmas2010.jpg */,
				9A5A739319C4E4AF002377FA /* LaunchScreen.xib */,
				9A5A738819C4E4AF002377FA /* Supporting Files */,
			);
			path = "postcard bitfountain";
			sourceTree = "<group>";
		};
		9A5A738819C4E4AF002377FA /* Supporting Files */ = {
			isa = PBXGroup;
			children = (
				9A5A738919C4E4AF002377FA /* Info.plist */,
			);
			name = "Supporting Files";
			sourceTree = "<group>";
		};
		9A5A739D19C4E4AF002377FA /* postcard bitfountainTests */ = {
			isa = PBXGroup;
			children = (
				9A5A73A019C4E4AF002377FA /* postcard_bitfountainTests.swift */,
				9A5A739E19C4E4AF002377FA /* Supporting Files */,
			);
			path = "postcard bitfountainTests";
			sourceTree = "<group>";
		};
		9A5A739E19C4E4AF002377FA /* Supporting Files */ = {
			isa = PBXGroup;
			children = (
				9A5A739F19C4E4AF002377FA /* Info.plist */,
			);
			name = "Supporting Files";
			sourceTree = "<group>";
		};
/* End PBXGroup section */

/* Begin PBXNativeTarget section */
		9A5A738419C4E4AF002377FA /* postcard bitfountain */ = {
			isa = PBXNativeTarget;
			buildConfigurationList = 9A5A73A419C4E4AF002377FA /* Build configuration list for PBXNativeTarget "postcard bitfountain" */;
			buildPhases = (
				9A5A738119C4E4AF002377FA /* Sources */,
				9A5A738219C4E4AF002377FA /* Frameworks */,
				9A5A738319C4E4AF002377FA /* Resources */,
			);
			buildRules = (
			);
			dependencies = (
			);
			name = "postcard bitfountain";
			productName = "postcard bitfountain";
			productReference = 9A5A738519C4E4AF002377FA /* postcard bitfountain.app */;
			productType = "com.apple.product-type.application";
		};
		9A5A739919C4E4AF002377FA /* postcard bitfountainTests */ = {
			isa = PBXNativeTarget;
			buildConfigurationList = 9A5A73A719C4E4AF002377FA /* Build configuration list for PBXNativeTarget "postcard bitfountainTests" */;
			buildPhases = (
				9A5A739619C4E4AF002377FA /* Sources */,
				9A5A739719C4E4AF002377FA /* Frameworks */,
				9A5A739819C4E4AF002377FA /* Resources */,
			);
			buildRules = (
			);
			dependencies = (
				9A5A739C19C4E4AF002377FA /* PBXTargetDependency */,
			);
			name = "postcard bitfountainTests";
			productName = "postcard bitfountainTests";
			productReference = 9A5A739A19C4E4AF002377FA /* postcard bitfountainTests.xctest */;
			productType = "com.apple.product-type.bundle.unit-test";
		};
/* End PBXNativeTarget section */

/* Begin PBXProject section */
		9A5A737D19C4E4AF002377FA /* Project object */ = {
			isa = PBXProject;
			attributes = {
				LastUpgradeCheck = 0600;
				ORGANIZATIONNAME = "Mark Stuver";
				TargetAttributes = {
					9A5A738419C4E4AF002377FA = {
						CreatedOnToolsVersion = 6.0;
					};
					9A5A739919C4E4AF002377FA = {
						CreatedOnToolsVersion = 6.0;
						TestTargetID = 9A5A738419C4E4AF002377FA;
					};
				};
			};
			buildConfigurationList = 9A5A738019C4E4AF002377FA /* Build configuration list for PBXProject "postcard bitfountain" */;
			compatibilityVersion = "Xcode 3.2";
			developmentRegion = English;
			hasScannedForEncodings = 0;
			knownRegions = (
				en,
				Base,
			);
			mainGroup = 9A5A737C19C4E4AF002377FA;
			productRefGroup = 9A5A738619C4E4AF002377FA /* Products */;
			projectDirPath = "";
			projectRoot = "";
			targets = (
				9A5A738419C4E4AF002377FA /* postcard bitfountain */,
				9A5A739919C4E4AF002377FA /* postcard bitfountainTests */,
			);
		};
/* End PBXProject section */

/* Begin PBXResourcesBuildPhase section */
		9A5A738319C4E4AF002377FA /* Resources */ = {
			isa = PBXResourcesBuildPhase;
			buildActionMask = 2147483647;
			files = (
				9A5A739019C4E4AF002377FA /* Main.storyboard in Resources */,
				9A5A739519C4E4AF002377FA /* LaunchScreen.xib in Resources */,
				9AF87A3819C4E56700300A55 /* meg_kait Christmas2010.jpg in Resources */,
				9AF87A3719C4E56700300A55 /* Gagarin_stamp_HR.gif in Resources */,
				9A5A739219C4E4AF002377FA /* Images.xcassets in Resources */,
			);
			runOnlyForDeploymentPostprocessing = 0;
		};
		9A5A739819C4E4AF002377FA /* Resources */ = {
			isa = PBXResourcesBuildPhase;
			buildActionMask = 2147483647;
			files = (
			);
			runOnlyForDeploymentPostprocessing = 0;
		};
/* End PBXResourcesBuildPhase section */

/* Begin PBXSourcesBuildPhase section */
		9A5A738119C4E4AF002377FA /* Sources */ = {
			isa = PBXSourcesBuildPhase;
			buildActionMask = 2147483647;
			files = (
				9A5A738D19C4E4AF002377FA /* ViewController.swift in Sources */,
				9A5A738B19C4E4AF002377FA /* AppDelegate.swift in Sources */,
			);
			runOnlyForDeploymentPostprocessing = 0;
		};
		9A5A739619C4E4AF002377FA /* Sources */ = {
			isa = PBXSourcesBuildPhase;
			buildActionMask = 2147483647;
			files = (
				9A5A73A119C4E4AF002377FA /* postcard_bitfountainTests.swift in Sources */,
			);
			runOnlyForDeploymentPostprocessing = 0;
		};
/* End PBXSourcesBuildPhase section */

/* Begin PBXTargetDependency section */
		9A5A739C19C4E4AF002377FA /* PBXTargetDependency */ = {
			isa = PBXTargetDependency;
			target = 9A5A738419C4E4AF002377FA /* postcard bitfountain */;
			targetProxy = 9A5A739B19C4E4AF002377FA /* PBXContainerItemProxy */;
		};
/* End PBXTargetDependency section */

/* Begin PBXVariantGroup section */
		9A5A738E19C4E4AF002377FA /* Main.storyboard */ = {
			isa = PBXVariantGroup;
			children = (
				9A5A738F19C4E4AF002377FA /* Base */,
			);
			name = Main.storyboard;
			sourceTree = "<group>";
		};
		9A5A739319C4E4AF002377FA /* LaunchScreen.xib */ = {
			isa = PBXVariantGroup;
			children = (
				9A5A739419C4E4AF002377FA /* Base */,
			);
			name = LaunchScreen.xib;
			sourceTree = "<group>";
		};
/* End PBXVariantGroup section */

/* Begin XCBuildConfiguration section */
		9A5A73A219C4E4AF002377FA /* Debug */ = {
			isa = XCBuildConfiguration;
			buildSettings = {
				ALWAYS_SEARCH_USER_PATHS = NO;
				CLANG_CXX_LANGUAGE_STANDARD = "gnu++0x";
				CLANG_CXX_LIBRARY = "libc++";
				CLANG_ENABLE_MODULES = YES;
				CLANG_ENABLE_OBJC_ARC = YES;
				CLANG_WARN_BOOL_CONVERSION = YES;
				CLANG_WARN_CONSTANT_CONVERSION = YES;
				CLANG_WARN_DIRECT_OBJC_ISA_USAGE = YES_ERROR;
				CLANG_WARN_EMPTY_BODY = YES;
				CLANG_WARN_ENUM_CONVERSION = YES;
				CLANG_WARN_INT_CONVERSION = YES;
				CLANG_WARN_OBJC_ROOT_CLASS = YES_ERROR;
				CLANG_WARN_UNREACHABLE_CODE = YES;
				CLANG_WARN__DUPLICATE_METHOD_MATCH = YES;
				"CODE_SIGN_IDENTITY[sdk=iphoneos*]" = "iPhone Developer";
				COPY_PHASE_STRIP = NO;
				ENABLE_STRICT_OBJC_MSGSEND = YES;
				GCC_C_LANGUAGE_STANDARD = gnu99;
				GCC_DYNAMIC_NO_PIC = NO;
				GCC_OPTIMIZATION_LEVEL = 0;
				GCC_PREPROCESSOR_DEFINITIONS = (
					"DEBUG=1",
					"$(inherited)",
				);
				GCC_SYMBOLS_PRIVATE_EXTERN = NO;
				GCC_WARN_64_TO_32_BIT_CONVERSION = YES;
				GCC_WARN_ABOUT_RETURN_TYPE = YES_ERROR;
				GCC_WARN_UNDECLARED_SELECTOR = YES;
				GCC_WARN_UNINITIALIZED_AUTOS = YES_AGGRESSIVE;
				GCC_WARN_UNUSED_FUNCTION = YES;
				GCC_WARN_UNUSED_VARIABLE = YES;
				IPHONEOS_DEPLOYMENT_TARGET = 8.0;
				MTL_ENABLE_DEBUG_INFO = YES;
				ONLY_ACTIVE_ARCH = YES;
				SDKROOT = iphoneos;
				SWIFT_OPTIMIZATION_LEVEL = "-Onone";
			};
			name = Debug;
		};
		9A5A73A319C4E4AF002377FA /* Release */ = {
			isa = XCBuildConfiguration;
			buildSettings = {
				ALWAYS_SEARCH_USER_PATHS = NO;
				CLANG_CXX_LANGUAGE_STANDARD = "gnu++0x";
				CLANG_CXX_LIBRARY = "libc++";
				CLANG_ENABLE_MODULES = YES;
				CLANG_ENABLE_OBJC_ARC = YES;
				CLANG_WARN_BOOL_CONVERSION = YES;
				CLANG_WARN_CONSTANT_CONVERSION = YES;
				CLANG_WARN_DIRECT_OBJC_ISA_USAGE = YES_ERROR;
				CLANG_WARN_EMPTY_BODY = YES;
				CLANG_WARN_ENUM_CONVERSION = YES;
				CLANG_WARN_INT_CONVERSION = YES;
				CLANG_WARN_OBJC_ROOT_CLASS = YES_ERROR;
				CLANG_WARN_UNREACHABLE_CODE = YES;
				CLANG_WARN__DUPLICATE_METHOD_MATCH = YES;
				"CODE_SIGN_IDENTITY[sdk=iphoneos*]" = "iPhone Developer";
				COPY_PHASE_STRIP = YES;
				ENABLE_NS_ASSERTIONS = NO;
				ENABLE_STRICT_OBJC_MSGSEND = YES;
				GCC_C_LANGUAGE_STANDARD = gnu99;
				GCC_WARN_64_TO_32_BIT_CONVERSION = YES;
				GCC_WARN_ABOUT_RETURN_TYPE = YES_ERROR;
				GCC_WARN_UNDECLARED_SELECTOR = YES;
				GCC_WARN_UNINITIALIZED_AUTOS = YES_AGGRESSIVE;
				GCC_WARN_UNUSED_FUNCTION = YES;
				GCC_WARN_UNUSED_VARIABLE = YES;
				IPHONEOS_DEPLOYMENT_TARGET = 8.0;
				MTL_ENABLE_DEBUG_INFO = NO;
				SDKROOT = iphoneos;
				VALIDATE_PRODUCT = YES;
			};
			name = Release;
		};
		9A5A73A519C4E4AF002377FA /* Debug */ = {
			isa = XCBuildConfiguration;
			buildSettings = {
				ASSETCATALOG_COMPILER_APPICON_NAME = AppIcon;
				INFOPLIST_FILE = "postcard bitfountain/Info.plist";
				LD_RUNPATH_SEARCH_PATHS = "$(inherited) @executable_path/Frameworks";
				PRODUCT_NAME = "$(TARGET_NAME)";
			};
			name = Debug;
		};
		9A5A73A619C4E4AF002377FA /* Release */ = {
			isa = XCBuildConfiguration;
			buildSettings = {
				ASSETCATALOG_COMPILER_APPICON_NAME = AppIcon;
				INFOPLIST_FILE = "postcard bitfountain/Info.plist";
				LD_RUNPATH_SEARCH_PATHS = "$(inherited) @executable_path/Frameworks";
				PRODUCT_NAME = "$(TARGET_NAME)";
			};
			name = Release;
		};
		9A5A73A819C4E4AF002377FA /* Debug */ = {
			isa = XCBuildConfiguration;
			buildSettings = {
				BUNDLE_LOADER = "$(TEST_HOST)";
				FRAMEWORK_SEARCH_PATHS = (
					"$(SDKROOT)/Developer/Library/Frameworks",
					"$(inherited)",
				);
				GCC_PREPROCESSOR_DEFINITIONS = (
					"DEBUG=1",
					"$(inherited)",
				);
				INFOPLIST_FILE = "postcard bitfountainTests/Info.plist";
				LD_RUNPATH_SEARCH_PATHS = "$(inherited) @executable_path/Frameworks @loader_path/Frameworks";
				PRODUCT_NAME = "$(TARGET_NAME)";
				TEST_HOST = "$(BUILT_PRODUCTS_DIR)/postcard bitfountain.app/postcard bitfountain";
			};
			name = Debug;
		};
		9A5A73A919C4E4AF002377FA /* Release */ = {
			isa = XCBuildConfiguration;
			buildSettings = {
				BUNDLE_LOADER = "$(TEST_HOST)";
				FRAMEWORK_SEARCH_PATHS = (
					"$(SDKROOT)/Developer/Library/Frameworks",
					"$(inherited)",
				);
				INFOPLIST_FILE = "postcard bitfountainTests/Info.plist";
				LD_RUNPATH_SEARCH_PATHS = "$(inherited) @executable_path/Frameworks @loader_path/Frameworks";
				PRODUCT_NAME = "$(TARGET_NAME)";
				TEST_HOST = "$(BUILT_PRODUCTS_DIR)/postcard bitfountain.app/postcard bitfountain";
			};
			name = Release;
		};
/* End XCBuildConfiguration section */

/* Begin XCConfigurationList section */
		9A5A738019C4E4AF002377FA /* Build configuration list for PBXProject "postcard bitfountain" */ = {
			isa = XCConfigurationList;
			buildConfigurations = (
				9A5A73A219C4E4AF002377FA /* Debug */,
				9A5A73A319C4E4AF002377FA /* Release */,
			);
			defaultConfigurationIsVisible = 0;
			defaultConfigurationName = Release;
		};
		9A5A73A419C4E4AF002377FA /* Build configuration list for PBXNativeTarget "postcard bitfountain" */ = {
			isa = XCConfigurationList;
			buildConfigurations = (
				9A5A73A519C4E4AF002377FA /* Debug */,
				9A5A73A619C4E4AF002377FA /* Release */,
			);
			defaultConfigurationIsVisible = 0;
			defaultConfigurationName = Release;
		};
		9A5A73A719C4E4AF002377FA /* Build configuration list for PBXNativeTarget "postcard bitfountainTests" */ = {
			isa = XCConfigurationList;
			buildConfigurations = (
				9A5A73A819C4E4AF002377FA /* Debug */,
				9A5A73A919C4E4AF002377FA /* Release */,
			);
			defaultConfigurationIsVisible = 0;
			defaultConfigurationName = Release;
		};
/* End XCConfigurationList section */
	};
	rootObject = 9A5A737D19C4E4AF002377FA /* Project object */;
}
